// !$*UTF8*$!
{
	archiveVersion = 1;
	classes = {
	};
	objectVersion = 46;
	objects = {

/* Begin PBXBuildFile section */
		0B0AB0CFC7214CB3BA72E8F4 /* Pods.framework in Frameworks */ = {isa = PBXBuildFile; fileRef = 5865BF537B1AC00FC9A57197 /* Pods.framework */; settings = {ATTRIBUTES = (Weak, ); }; };
		8EB06F7F1B76235D00F877A9 /* MJUserInfoViewController.swift in Sources */ = {isa = PBXBuildFile; fileRef = 8EB06F7E1B76235D00F877A9 /* MJUserInfoViewController.swift */; };
		8EB06F811B762A8200F877A9 /* MJLoginViewController.swift in Sources */ = {isa = PBXBuildFile; fileRef = 8EB06F801B762A8200F877A9 /* MJLoginViewController.swift */; };
		8EC748CB1B75D8B600015E5E /* MJFetcher.swift in Sources */ = {isa = PBXBuildFile; fileRef = 8EC748CA1B75D8B600015E5E /* MJFetcher.swift */; };
		8EC748CE1B76046A00015E5E /* Extension.swift in Sources */ = {isa = PBXBuildFile; fileRef = 8EC748CD1B76046A00015E5E /* Extension.swift */; };
		8EE811DB1B73AB8F00D65BEF /* AppDelegate.swift in Sources */ = {isa = PBXBuildFile; fileRef = 8EE811DA1B73AB8F00D65BEF /* AppDelegate.swift */; };
		8EE811DD1B73AB8F00D65BEF /* MJTabBarController.swift in Sources */ = {isa = PBXBuildFile; fileRef = 8EE811DC1B73AB8F00D65BEF /* MJTabBarController.swift */; };
		8EE811E01B73AB8F00D65BEF /* Main.storyboard in Resources */ = {isa = PBXBuildFile; fileRef = 8EE811DE1B73AB8F00D65BEF /* Main.storyboard */; };
		8EE811E21B73AB8F00D65BEF /* Images.xcassets in Resources */ = {isa = PBXBuildFile; fileRef = 8EE811E11B73AB8F00D65BEF /* Images.xcassets */; };
		8EE811F11B73AB9000D65BEF /* MJdeFM_SwiftTests.swift in Sources */ = {isa = PBXBuildFile; fileRef = 8EE811F01B73AB9000D65BEF /* MJdeFM_SwiftTests.swift */; };
		8EE812081B73AD1200D65BEF /* ContextMenuCell.m in Sources */ = {isa = PBXBuildFile; fileRef = 8EE812001B73AD1200D65BEF /* ContextMenuCell.m */; };
		8EE812091B73AD1200D65BEF /* ContextMenuCell.xib in Resources */ = {isa = PBXBuildFile; fileRef = 8EE812011B73AD1200D65BEF /* ContextMenuCell.xib */; };
		8EE8120A1B73AD1200D65BEF /* UIView+YALConstraints.m in Sources */ = {isa = PBXBuildFile; fileRef = 8EE812041B73AD1200D65BEF /* UIView+YALConstraints.m */; };
		8EE8120B1B73AD1200D65BEF /* YALContextMenuTableView.m in Sources */ = {isa = PBXBuildFile; fileRef = 8EE812071B73AD1200D65BEF /* YALContextMenuTableView.m */; };
		8EE812121B74C7D300D65BEF /* LaunchScreen.xib in Resources */ = {isa = PBXBuildFile; fileRef = 8EE812111B74C7D300D65BEF /* LaunchScreen.xib */; };
		8EE812141B74C82100D65BEF /* MJPlayerViewController.swift in Sources */ = {isa = PBXBuildFile; fileRef = 8EE812131B74C82100D65BEF /* MJPlayerViewController.swift */; };
		8EE812161B74CDBD00D65BEF /* MJSong.swift in Sources */ = {isa = PBXBuildFile; fileRef = 8EE812151B74CDBD00D65BEF /* MJSong.swift */; };
		8EE812181B74D53800D65BEF /* MJChannel.swift in Sources */ = {isa = PBXBuildFile; fileRef = 8EE812171B74D53800D65BEF /* MJChannel.swift */; };
		8EE8121A1B74D75300D65BEF /* MJUserInfo.swift in Sources */ = {isa = PBXBuildFile; fileRef = 8EE812191B74D75300D65BEF /* MJUserInfo.swift */; };
		8EE8121C1B74DFFA00D65BEF /* MJUserInfoManager.swift in Sources */ = {isa = PBXBuildFile; fileRef = 8EE8121B1B74DFFA00D65BEF /* MJUserInfoManager.swift */; };
		8EE8121E1B74E69A00D65BEF /* MediaPlayer.framework in Frameworks */ = {isa = PBXBuildFile; fileRef = 8EE8121D1B74E69A00D65BEF /* MediaPlayer.framework */; };
		8EE812201B74EA7A00D65BEF /* MJChannelManager.swift in Sources */ = {isa = PBXBuildFile; fileRef = 8EE8121F1B74EA7A00D65BEF /* MJChannelManager.swift */; };
/* End PBXBuildFile section */

/* Begin PBXContainerItemProxy section */
		8EE811EB1B73AB9000D65BEF /* PBXContainerItemProxy */ = {
			isa = PBXContainerItemProxy;
			containerPortal = 8EE811CD1B73AB8F00D65BEF /* Project object */;
			proxyType = 1;
			remoteGlobalIDString = 8EE811D41B73AB8F00D65BEF;
			remoteInfo = "MJdeFM-Swift";
		};
/* End PBXContainerItemProxy section */

/* Begin PBXFileReference section */
		5865BF537B1AC00FC9A57197 /* Pods.framework */ = {isa = PBXFileReference; explicitFileType = wrapper.framework; includeInIndex = 0; path = Pods.framework; sourceTree = BUILT_PRODUCTS_DIR; };
		7DAB308FF38BA7D5FBF42395 /* Pods.release.xcconfig */ = {isa = PBXFileReference; includeInIndex = 1; lastKnownFileType = text.xcconfig; name = Pods.release.xcconfig; path = "Pods/Target Support Files/Pods/Pods.release.xcconfig"; sourceTree = "<group>"; };
		8EB06F7E1B76235D00F877A9 /* MJUserInfoViewController.swift */ = {isa = PBXFileReference; fileEncoding = 4; lastKnownFileType = sourcecode.swift; path = MJUserInfoViewController.swift; sourceTree = "<group>"; };
		8EB06F801B762A8200F877A9 /* MJLoginViewController.swift */ = {isa = PBXFileReference; fileEncoding = 4; lastKnownFileType = sourcecode.swift; path = MJLoginViewController.swift; sourceTree = "<group>"; };
		8EC748CA1B75D8B600015E5E /* MJFetcher.swift */ = {isa = PBXFileReference; fileEncoding = 4; lastKnownFileType = sourcecode.swift; path = MJFetcher.swift; sourceTree = "<group>"; };
		8EC748CD1B76046A00015E5E /* Extension.swift */ = {isa = PBXFileReference; fileEncoding = 4; lastKnownFileType = sourcecode.swift; path = Extension.swift; sourceTree = "<group>"; };
		8EE811D51B73AB8F00D65BEF /* MJdeFM-Swift.app */ = {isa = PBXFileReference; explicitFileType = wrapper.application; includeInIndex = 0; path = "MJdeFM-Swift.app"; sourceTree = BUILT_PRODUCTS_DIR; };
		8EE811D91B73AB8F00D65BEF /* Info.plist */ = {isa = PBXFileReference; lastKnownFileType = text.plist.xml; path = Info.plist; sourceTree = "<group>"; };
		8EE811DA1B73AB8F00D65BEF /* AppDelegate.swift */ = {isa = PBXFileReference; lastKnownFileType = sourcecode.swift; path = AppDelegate.swift; sourceTree = "<group>"; };
		8EE811DC1B73AB8F00D65BEF /* MJTabBarController.swift */ = {isa = PBXFileReference; lastKnownFileType = sourcecode.swift; path = MJTabBarController.swift; sourceTree = "<group>"; };
		8EE811DF1B73AB8F00D65BEF /* Base */ = {isa = PBXFileReference; lastKnownFileType = file.storyboard; name = Base; path = Base.lproj/Main.storyboard; sourceTree = "<group>"; };
		8EE811E11B73AB8F00D65BEF /* Images.xcassets */ = {isa = PBXFileReference; lastKnownFileType = folder.assetcatalog; path = Images.xcassets; sourceTree = "<group>"; };
		8EE811EA1B73AB9000D65BEF /* MJdeFM-SwiftTests.xctest */ = {isa = PBXFileReference; explicitFileType = wrapper.cfbundle; includeInIndex = 0; path = "MJdeFM-SwiftTests.xctest"; sourceTree = BUILT_PRODUCTS_DIR; };
		8EE811EF1B73AB9000D65BEF /* Info.plist */ = {isa = PBXFileReference; lastKnownFileType = text.plist.xml; path = Info.plist; sourceTree = "<group>"; };
		8EE811F01B73AB9000D65BEF /* MJdeFM_SwiftTests.swift */ = {isa = PBXFileReference; lastKnownFileType = sourcecode.swift; path = MJdeFM_SwiftTests.swift; sourceTree = "<group>"; };
		8EE811FF1B73AD1200D65BEF /* ContextMenuCell.h */ = {isa = PBXFileReference; fileEncoding = 4; lastKnownFileType = sourcecode.c.h; path = ContextMenuCell.h; sourceTree = "<group>"; };
		8EE812001B73AD1200D65BEF /* ContextMenuCell.m */ = {isa = PBXFileReference; fileEncoding = 4; lastKnownFileType = sourcecode.c.objc; path = ContextMenuCell.m; sourceTree = "<group>"; };
		8EE812011B73AD1200D65BEF /* ContextMenuCell.xib */ = {isa = PBXFileReference; fileEncoding = 4; lastKnownFileType = file.xib; path = ContextMenuCell.xib; sourceTree = "<group>"; };
		8EE812031B73AD1200D65BEF /* UIView+YALConstraints.h */ = {isa = PBXFileReference; fileEncoding = 4; lastKnownFileType = sourcecode.c.h; path = "UIView+YALConstraints.h"; sourceTree = "<group>"; };
		8EE812041B73AD1200D65BEF /* UIView+YALConstraints.m */ = {isa = PBXFileReference; fileEncoding = 4; lastKnownFileType = sourcecode.c.objc; path = "UIView+YALConstraints.m"; sourceTree = "<group>"; };
		8EE812051B73AD1200D65BEF /* YALContextMenuCell.h */ = {isa = PBXFileReference; fileEncoding = 4; lastKnownFileType = sourcecode.c.h; path = YALContextMenuCell.h; sourceTree = "<group>"; };
		8EE812061B73AD1200D65BEF /* YALContextMenuTableView.h */ = {isa = PBXFileReference; fileEncoding = 4; lastKnownFileType = sourcecode.c.h; path = YALContextMenuTableView.h; sourceTree = "<group>"; };
		8EE812071B73AD1200D65BEF /* YALContextMenuTableView.m */ = {isa = PBXFileReference; fileEncoding = 4; lastKnownFileType = sourcecode.c.objc; path = YALContextMenuTableView.m; sourceTree = "<group>"; };
		8EE8120C1B73AF5C00D65BEF /* MJdeFM-Swift-Bridging-Header.h */ = {isa = PBXFileReference; lastKnownFileType = sourcecode.c.h; path = "MJdeFM-Swift-Bridging-Header.h"; sourceTree = "<group>"; };
		8EE812111B74C7D300D65BEF /* LaunchScreen.xib */ = {isa = PBXFileReference; fileEncoding = 4; lastKnownFileType = file.xib; path = LaunchScreen.xib; sourceTree = "<group>"; };
		8EE812131B74C82100D65BEF /* MJPlayerViewController.swift */ = {isa = PBXFileReference; fileEncoding = 4; lastKnownFileType = sourcecode.swift; path = MJPlayerViewController.swift; sourceTree = "<group>"; };
		8EE812151B74CDBD00D65BEF /* MJSong.swift */ = {isa = PBXFileReference; fileEncoding = 4; lastKnownFileType = sourcecode.swift; path = MJSong.swift; sourceTree = "<group>"; };
		8EE812171B74D53800D65BEF /* MJChannel.swift */ = {isa = PBXFileReference; fileEncoding = 4; lastKnownFileType = sourcecode.swift; path = MJChannel.swift; sourceTree = "<group>"; };
		8EE812191B74D75300D65BEF /* MJUserInfo.swift */ = {isa = PBXFileReference; fileEncoding = 4; lastKnownFileType = sourcecode.swift; path = MJUserInfo.swift; sourceTree = "<group>"; };
		8EE8121B1B74DFFA00D65BEF /* MJUserInfoManager.swift */ = {isa = PBXFileReference; fileEncoding = 4; lastKnownFileType = sourcecode.swift; path = MJUserInfoManager.swift; sourceTree = "<group>"; };
		8EE8121D1B74E69A00D65BEF /* MediaPlayer.framework */ = {isa = PBXFileReference; lastKnownFileType = wrapper.framework; name = MediaPlayer.framework; path = System/Library/Frameworks/MediaPlayer.framework; sourceTree = SDKROOT; };
		8EE8121F1B74EA7A00D65BEF /* MJChannelManager.swift */ = {isa = PBXFileReference; fileEncoding = 4; lastKnownFileType = sourcecode.swift; path = MJChannelManager.swift; sourceTree = "<group>"; };
		AFFE07AD7B3EAC5ECC9EB303 /* Pods.debug.xcconfig */ = {isa = PBXFileReference; includeInIndex = 1; lastKnownFileType = text.xcconfig; name = Pods.debug.xcconfig; path = "Pods/Target Support Files/Pods/Pods.debug.xcconfig"; sourceTree = "<group>"; };
/* End PBXFileReference section */

/* Begin PBXFrameworksBuildPhase section */
		8EE811D21B73AB8F00D65BEF /* Frameworks */ = {
			isa = PBXFrameworksBuildPhase;
			buildActionMask = 2147483647;
			files = (
				8EE8121E1B74E69A00D65BEF /* MediaPlayer.framework in Frameworks */,
				0B0AB0CFC7214CB3BA72E8F4 /* Pods.framework in Frameworks */,
			);
			runOnlyForDeploymentPostprocessing = 0;
		};
		8EE811E71B73AB9000D65BEF /* Frameworks */ = {
			isa = PBXFrameworksBuildPhase;
			buildActionMask = 2147483647;
			files = (
			);
			runOnlyForDeploymentPostprocessing = 0;
		};
/* End PBXFrameworksBuildPhase section */

/* Begin PBXGroup section */
		8EC748CC1B76044B00015E5E /* Extension */ = {
			isa = PBXGroup;
			children = (
				8EC748CD1B76046A00015E5E /* Extension.swift */,
			);
			name = Extension;
			sourceTree = "<group>";
		};
		8EE811CC1B73AB8F00D65BEF = {
			isa = PBXGroup;
			children = (
				8EE811D71B73AB8F00D65BEF /* MJdeFM-Swift */,
				8EE811ED1B73AB9000D65BEF /* MJdeFM-SwiftTests */,
				8EE811D61B73AB8F00D65BEF /* Products */,
				9624BF09CBCF6A0D32F62EDD /* Pods */,
				D7CF4E52539974E3BE3210FF /* Frameworks */,
			);
			sourceTree = "<group>";
		};
		8EE811D61B73AB8F00D65BEF /* Products */ = {
			isa = PBXGroup;
			children = (
				8EE811D51B73AB8F00D65BEF /* MJdeFM-Swift.app */,
				8EE811EA1B73AB9000D65BEF /* MJdeFM-SwiftTests.xctest */,
			);
			name = Products;
			sourceTree = "<group>";
		};
		8EE811D71B73AB8F00D65BEF /* MJdeFM-Swift */ = {
			isa = PBXGroup;
			children = (
				8EE8120C1B73AF5C00D65BEF /* MJdeFM-Swift-Bridging-Header.h */,
				8EE811DA1B73AB8F00D65BEF /* AppDelegate.swift */,
				8EE811DE1B73AB8F00D65BEF /* Main.storyboard */,
				8EE812111B74C7D300D65BEF /* LaunchScreen.xib */,
				8EE811FA1B73ABB900D65BEF /* Models */,
				8EE811FB1B73ABC700D65BEF /* Views */,
				8EE811FC1B73ABD000D65BEF /* View Controllers */,
				8EE811FD1B73ABE000D65BEF /* Services */,
				8EC748CC1B76044B00015E5E /* Extension */,
				8EE811E11B73AB8F00D65BEF /* Images.xcassets */,
				8EE811D81B73AB8F00D65BEF /* Supporting Files */,
			);
			path = "MJdeFM-Swift";
			sourceTree = "<group>";
		};
		8EE811D81B73AB8F00D65BEF /* Supporting Files */ = {
			isa = PBXGroup;
			children = (
				8EE811D91B73AB8F00D65BEF /* Info.plist */,
			);
			name = "Supporting Files";
			sourceTree = "<group>";
		};
		8EE811ED1B73AB9000D65BEF /* MJdeFM-SwiftTests */ = {
			isa = PBXGroup;
			children = (
				8EE811F01B73AB9000D65BEF /* MJdeFM_SwiftTests.swift */,
				8EE811EE1B73AB9000D65BEF /* Supporting Files */,
			);
			path = "MJdeFM-SwiftTests";
			sourceTree = "<group>";
		};
		8EE811EE1B73AB9000D65BEF /* Supporting Files */ = {
			isa = PBXGroup;
			children = (
				8EE811EF1B73AB9000D65BEF /* Info.plist */,
			);
			name = "Supporting Files";
			sourceTree = "<group>";
		};
		8EE811FA1B73ABB900D65BEF /* Models */ = {
			isa = PBXGroup;
			children = (
				8EE812151B74CDBD00D65BEF /* MJSong.swift */,
				8EE812171B74D53800D65BEF /* MJChannel.swift */,
				8EE8121F1B74EA7A00D65BEF /* MJChannelManager.swift */,
				8EE812191B74D75300D65BEF /* MJUserInfo.swift */,
				8EE8121B1B74DFFA00D65BEF /* MJUserInfoManager.swift */,
			);
			name = Models;
			sourceTree = "<group>";
		};
		8EE811FB1B73ABC700D65BEF /* Views */ = {
			isa = PBXGroup;
			children = (
				8EE811FE1B73AD1200D65BEF /* ContextMenuCell */,
				8EE812021B73AD1200D65BEF /* YALContextMenu */,
			);
			name = Views;
			sourceTree = "<group>";
		};
		8EE811FC1B73ABD000D65BEF /* View Controllers */ = {
			isa = PBXGroup;
			children = (
				8EE811DC1B73AB8F00D65BEF /* MJTabBarController.swift */,
				8EE812131B74C82100D65BEF /* MJPlayerViewController.swift */,
				8EB06F7E1B76235D00F877A9 /* MJUserInfoViewController.swift */,
				8EB06F801B762A8200F877A9 /* MJLoginViewController.swift */,
			);
			name = "View Controllers";
			sourceTree = "<group>";
		};
		8EE811FD1B73ABE000D65BEF /* Services */ = {
			isa = PBXGroup;
			children = (
				8EC748CA1B75D8B600015E5E /* MJFetcher.swift */,
			);
			name = Services;
			sourceTree = "<group>";
		};
		8EE811FE1B73AD1200D65BEF /* ContextMenuCell */ = {
			isa = PBXGroup;
			children = (
				8EE811FF1B73AD1200D65BEF /* ContextMenuCell.h */,
				8EE812001B73AD1200D65BEF /* ContextMenuCell.m */,
				8EE812011B73AD1200D65BEF /* ContextMenuCell.xib */,
			);
			path = ContextMenuCell;
			sourceTree = "<group>";
		};
		8EE812021B73AD1200D65BEF /* YALContextMenu */ = {
			isa = PBXGroup;
			children = (
				8EE812031B73AD1200D65BEF /* UIView+YALConstraints.h */,
				8EE812041B73AD1200D65BEF /* UIView+YALConstraints.m */,
				8EE812051B73AD1200D65BEF /* YALContextMenuCell.h */,
				8EE812061B73AD1200D65BEF /* YALContextMenuTableView.h */,
				8EE812071B73AD1200D65BEF /* YALContextMenuTableView.m */,
			);
			path = YALContextMenu;
			sourceTree = "<group>";
		};
		9624BF09CBCF6A0D32F62EDD /* Pods */ = {
			isa = PBXGroup;
			children = (
				AFFE07AD7B3EAC5ECC9EB303 /* Pods.debug.xcconfig */,
				7DAB308FF38BA7D5FBF42395 /* Pods.release.xcconfig */,
			);
			name = Pods;
			sourceTree = "<group>";
		};
		D7CF4E52539974E3BE3210FF /* Frameworks */ = {
			isa = PBXGroup;
			children = (
				8EE8121D1B74E69A00D65BEF /* MediaPlayer.framework */,
				5865BF537B1AC00FC9A57197 /* Pods.framework */,
			);
			name = Frameworks;
			sourceTree = "<group>";
		};
/* End PBXGroup section */

/* Begin PBXNativeTarget section */
		8EE811D41B73AB8F00D65BEF /* MJdeFM-Swift */ = {
			isa = PBXNativeTarget;
			buildConfigurationList = 8EE811F41B73AB9000D65BEF /* Build configuration list for PBXNativeTarget "MJdeFM-Swift" */;
			buildPhases = (
				FDAD5AD339E15422191D888F /* Check Pods Manifest.lock */,
				8EE811D11B73AB8F00D65BEF /* Sources */,
				8EE811D21B73AB8F00D65BEF /* Frameworks */,
				8EE811D31B73AB8F00D65BEF /* Resources */,
				258C6A58CAD55C6B9266E44C /* Embed Pods Frameworks */,
				76AAC4C3663E26C3123FC74F /* Copy Pods Resources */,
			);
			buildRules = (
			);
			dependencies = (
			);
			name = "MJdeFM-Swift";
			productName = "MJdeFM-Swift";
			productReference = 8EE811D51B73AB8F00D65BEF /* MJdeFM-Swift.app */;
			productType = "com.apple.product-type.application";
		};
		8EE811E91B73AB9000D65BEF /* MJdeFM-SwiftTests */ = {
			isa = PBXNativeTarget;
			buildConfigurationList = 8EE811F71B73AB9000D65BEF /* Build configuration list for PBXNativeTarget "MJdeFM-SwiftTests" */;
			buildPhases = (
				8EE811E61B73AB9000D65BEF /* Sources */,
				8EE811E71B73AB9000D65BEF /* Frameworks */,
				8EE811E81B73AB9000D65BEF /* Resources */,
			);
			buildRules = (
			);
			dependencies = (
				8EE811EC1B73AB9000D65BEF /* PBXTargetDependency */,
			);
			name = "MJdeFM-SwiftTests";
			productName = "MJdeFM-SwiftTests";
			productReference = 8EE811EA1B73AB9000D65BEF /* MJdeFM-SwiftTests.xctest */;
			productType = "com.apple.product-type.bundle.unit-test";
		};
/* End PBXNativeTarget section */

/* Begin PBXProject section */
		8EE811CD1B73AB8F00D65BEF /* Project object */ = {
			isa = PBXProject;
			attributes = {
				LastUpgradeCheck = 0640;
				ORGANIZATIONNAME = WangMinjun;
				TargetAttributes = {
					8EE811D41B73AB8F00D65BEF = {
						CreatedOnToolsVersion = 6.4;
					};
					8EE811E91B73AB9000D65BEF = {
						CreatedOnToolsVersion = 6.4;
						TestTargetID = 8EE811D41B73AB8F00D65BEF;
					};
				};
			};
			buildConfigurationList = 8EE811D01B73AB8F00D65BEF /* Build configuration list for PBXProject "MJdeFM-Swift" */;
			compatibilityVersion = "Xcode 3.2";
			developmentRegion = English;
			hasScannedForEncodings = 0;
			knownRegions = (
				en,
				Base,
			);
			mainGroup = 8EE811CC1B73AB8F00D65BEF;
			productRefGroup = 8EE811D61B73AB8F00D65BEF /* Products */;
			projectDirPath = "";
			projectRoot = "";
			targets = (
				8EE811D41B73AB8F00D65BEF /* MJdeFM-Swift */,
				8EE811E91B73AB9000D65BEF /* MJdeFM-SwiftTests */,
			);
		};
/* End PBXProject section */

/* Begin PBXResourcesBuildPhase section */
		8EE811D31B73AB8F00D65BEF /* Resources */ = {
			isa = PBXResourcesBuildPhase;
			buildActionMask = 2147483647;
			files = (
				8EE812121B74C7D300D65BEF /* LaunchScreen.xib in Resources */,
				8EE811E01B73AB8F00D65BEF /* Main.storyboard in Resources */,
				8EE812091B73AD1200D65BEF /* ContextMenuCell.xib in Resources */,
				8EE811E21B73AB8F00D65BEF /* Images.xcassets in Resources */,
			);
			runOnlyForDeploymentPostprocessing = 0;
		};
		8EE811E81B73AB9000D65BEF /* Resources */ = {
			isa = PBXResourcesBuildPhase;
			buildActionMask = 2147483647;
			files = (
			);
			runOnlyForDeploymentPostprocessing = 0;
		};
/* End PBXResourcesBuildPhase section */

/* Begin PBXShellScriptBuildPhase section */
		258C6A58CAD55C6B9266E44C /* Embed Pods Frameworks */ = {
			isa = PBXShellScriptBuildPhase;
			buildActionMask = 2147483647;
			files = (
			);
			inputPaths = (
			);
			name = "Embed Pods Frameworks";
			outputPaths = (
			);
			runOnlyForDeploymentPostprocessing = 0;
			shellPath = /bin/sh;
			shellScript = "\"${SRCROOT}/Pods/Target Support Files/Pods/Pods-frameworks.sh\"\n";
			showEnvVarsInLog = 0;
		};
		76AAC4C3663E26C3123FC74F /* Copy Pods Resources */ = {
			isa = PBXShellScriptBuildPhase;
			buildActionMask = 2147483647;
			files = (
			);
			inputPaths = (
			);
			name = "Copy Pods Resources";
			outputPaths = (
			);
			runOnlyForDeploymentPostprocessing = 0;
			shellPath = /bin/sh;
			shellScript = "\"${SRCROOT}/Pods/Target Support Files/Pods/Pods-resources.sh\"\n";
			showEnvVarsInLog = 0;
		};
		FDAD5AD339E15422191D888F /* Check Pods Manifest.lock */ = {
			isa = PBXShellScriptBuildPhase;
			buildActionMask = 2147483647;
			files = (
			);
			inputPaths = (
			);
			name = "Check Pods Manifest.lock";
			outputPaths = (
			);
			runOnlyForDeploymentPostprocessing = 0;
			shellPath = /bin/sh;
			shellScript = "diff \"${PODS_ROOT}/../Podfile.lock\" \"${PODS_ROOT}/Manifest.lock\" > /dev/null\nif [[ $? != 0 ]] ; then\n    cat << EOM\nerror: The sandbox is not in sync with the Podfile.lock. Run 'pod install' or update your CocoaPods installation.\nEOM\n    exit 1\nfi\n";
			showEnvVarsInLog = 0;
		};
/* End PBXShellScriptBuildPhase section */

/* Begin PBXSourcesBuildPhase section */
		8EE811D11B73AB8F00D65BEF /* Sources */ = {
			isa = PBXSourcesBuildPhase;
			buildActionMask = 2147483647;
			files = (
				8EE8120B1B73AD1200D65BEF /* YALContextMenuTableView.m in Sources */,
				8EB06F811B762A8200F877A9 /* MJLoginViewController.swift in Sources */,
				8EE8120A1B73AD1200D65BEF /* UIView+YALConstraints.m in Sources */,
				8EB06F7F1B76235D00F877A9 /* MJUserInfoViewController.swift in Sources */,
				8EE812181B74D53800D65BEF /* MJChannel.swift in Sources */,
				8EE811DD1B73AB8F00D65BEF /* MJTabBarController.swift in Sources */,
				8EE812161B74CDBD00D65BEF /* MJSong.swift in Sources */,
				8EE812081B73AD1200D65BEF /* ContextMenuCell.m in Sources */,
				8EC748CB1B75D8B600015E5E /* MJFetcher.swift in Sources */,
				8EE812141B74C82100D65BEF /* MJPlayerViewController.swift in Sources */,
				8EE812201B74EA7A00D65BEF /* MJChannelManager.swift in Sources */,
				8EC748CE1B76046A00015E5E /* Extension.swift in Sources */,
				8EE8121C1B74DFFA00D65BEF /* MJUserInfoManager.swift in Sources */,
				8EE811DB1B73AB8F00D65BEF /* AppDelegate.swift in Sources */,
				8EE8121A1B74D75300D65BEF /* MJUserInfo.swift in Sources */,
			);
			runOnlyForDeploymentPostprocessing = 0;
		};
		8EE811E61B73AB9000D65BEF /* Sources */ = {
			isa = PBXSourcesBuildPhase;
			buildActionMask = 2147483647;
			files = (
				8EE811F11B73AB9000D65BEF /* MJdeFM_SwiftTests.swift in Sources */,
			);
			runOnlyForDeploymentPostprocessing = 0;
		};
/* End PBXSourcesBuildPhase section */

/* Begin PBXTargetDependency section */
		8EE811EC1B73AB9000D65BEF /* PBXTargetDependency */ = {
			isa = PBXTargetDependency;
			target = 8EE811D41B73AB8F00D65BEF /* MJdeFM-Swift */;
			targetProxy = 8EE811EB1B73AB9000D65BEF /* PBXContainerItemProxy */;
		};
/* End PBXTargetDependency section */

/* Begin PBXVariantGroup section */
		8EE811DE1B73AB8F00D65BEF /* Main.storyboard */ = {
			isa = PBXVariantGroup;
			children = (
				8EE811DF1B73AB8F00D65BEF /* Base */,
			);
			name = Main.storyboard;
			sourceTree = "<group>";
		};
/* End PBXVariantGroup section */

/* Begin XCBuildConfiguration section */
		8EE811F21B73AB9000D65BEF /* Debug */ = {
			isa = XCBuildConfiguration;
			buildSettings = {
				ALWAYS_SEARCH_USER_PATHS = NO;
				CLANG_CXX_LANGUAGE_STANDARD = "gnu++0x";
				CLANG_CXX_LIBRARY = "libc++";
				CLANG_ENABLE_MODULES = YES;
				CLANG_ENABLE_OBJC_ARC = YES;
				CLANG_WARN_BOOL_CONVERSION = YES;
				CLANG_WARN_CONSTANT_CONVERSION = YES;
				CLANG_WARN_DIRECT_OBJC_ISA_USAGE = YES_ERROR;
				CLANG_WARN_EMPTY_BODY = YES;
				CLANG_WARN_ENUM_CONVERSION = YES;
				CLANG_WARN_INT_CONVERSION = YES;
				CLANG_WARN_OBJC_ROOT_CLASS = YES_ERROR;
				CLANG_WARN_UNREACHABLE_CODE = YES;
				CLANG_WARN__DUPLICATE_METHOD_MATCH = YES;
				"CODE_SIGN_IDENTITY[sdk=iphoneos*]" = "iPhone Developer";
				COPY_PHASE_STRIP = NO;
				DEBUG_INFORMATION_FORMAT = "dwarf-with-dsym";
				ENABLE_STRICT_OBJC_MSGSEND = YES;
				GCC_C_LANGUAGE_STANDARD = gnu99;
				GCC_DYNAMIC_NO_PIC = NO;
				GCC_NO_COMMON_BLOCKS = YES;
				GCC_OPTIMIZATION_LEVEL = 0;
				GCC_PREPROCESSOR_DEFINITIONS = (
					"DEBUG=1",
					"$(inherited)",
				);
				GCC_SYMBOLS_PRIVATE_EXTERN = NO;
				GCC_WARN_64_TO_32_BIT_CONVERSION = YES;
				GCC_WARN_ABOUT_RETURN_TYPE = YES_ERROR;
				GCC_WARN_UNDECLARED_SELECTOR = YES;
				GCC_WARN_UNINITIALIZED_AUTOS = YES_AGGRESSIVE;
				GCC_WARN_UNUSED_FUNCTION = YES;
				GCC_WARN_UNUSED_VARIABLE = YES;
				IPHONEOS_DEPLOYMENT_TARGET = 8.4;
				MTL_ENABLE_DEBUG_INFO = YES;
				ONLY_ACTIVE_ARCH = YES;
				SDKROOT = iphoneos;
				SWIFT_OPTIMIZATION_LEVEL = "-Onone";
				TARGETED_DEVICE_FAMILY = "1,2";
			};
			name = Debug;
		};
		8EE811F31B73AB9000D65BEF /* Release */ = {
			isa = XCBuildConfiguration;
			buildSettings = {
				ALWAYS_SEARCH_USER_PATHS = NO;
				CLANG_CXX_LANGUAGE_STANDARD = "gnu++0x";
				CLANG_CXX_LIBRARY = "libc++";
				CLANG_ENABLE_MODULES = YES;
				CLANG_ENABLE_OBJC_ARC = YES;
				CLANG_WARN_BOOL_CONVERSION = YES;
				CLANG_WARN_CONSTANT_CONVERSION = YES;
				CLANG_WARN_DIRECT_OBJC_ISA_USAGE = YES_ERROR;
				CLANG_WARN_EMPTY_BODY = YES;
				CLANG_WARN_ENUM_CONVERSION = YES;
				CLANG_WARN_INT_CONVERSION = YES;
				CLANG_WARN_OBJC_ROOT_CLASS = YES_ERROR;
				CLANG_WARN_UNREACHABLE_CODE = YES;
				CLANG_WARN__DUPLICATE_METHOD_MATCH = YES;
				"CODE_SIGN_IDENTITY[sdk=iphoneos*]" = "iPhone Developer";
				COPY_PHASE_STRIP = NO;
				DEBUG_INFORMATION_FORMAT = "dwarf-with-dsym";
				ENABLE_NS_ASSERTIONS = NO;
				ENABLE_STRICT_OBJC_MSGSEND = YES;
				GCC_C_LANGUAGE_STANDARD = gnu99;
				GCC_NO_COMMON_BLOCKS = YES;
				GCC_WARN_64_TO_32_BIT_CONVERSION = YES;
				GCC_WARN_ABOUT_RETURN_TYPE = YES_ERROR;
				GCC_WARN_UNDECLARED_SELECTOR = YES;
				GCC_WARN_UNINITIALIZED_AUTOS = YES_AGGRESSIVE;
				GCC_WARN_UNUSED_FUNCTION = YES;
				GCC_WARN_UNUSED_VARIABLE = YES;
				IPHONEOS_DEPLOYMENT_TARGET = 8.4;
				MTL_ENABLE_DEBUG_INFO = NO;
				SDKROOT = iphoneos;
				TARGETED_DEVICE_FAMILY = "1,2";
				VALIDATE_PRODUCT = YES;
			};
			name = Release;
		};
		8EE811F51B73AB9000D65BEF /* Debug */ = {
			isa = XCBuildConfiguration;
			baseConfigurationReference = AFFE07AD7B3EAC5ECC9EB303 /* Pods.debug.xcconfig */;
			buildSettings = {
				ASSETCATALOG_COMPILER_APPICON_NAME = AppIcon;
				INFOPLIST_FILE = "MJdeFM-Swift/Info.plist";
				LD_RUNPATH_SEARCH_PATHS = "$(inherited) @executable_path/Frameworks";
				PRODUCT_NAME = "$(TARGET_NAME)";
				SWIFT_OBJC_BRIDGING_HEADER = "/Users/Arthur/Documents/Code/iOS-Demo/MJdeFM-Swift/MJdeFM-Swift/MJdeFM-Swift-Bridging-Header.h";
			};
			name = Debug;
		};
		8EE811F61B73AB9000D65BEF /* Release */ = {
			isa = XCBuildConfiguration;
			baseConfigurationReference = 7DAB308FF38BA7D5FBF42395 /* Pods.release.xcconfig */;
			buildSettings = {
				ASSETCATALOG_COMPILER_APPICON_NAME = AppIcon;
				INFOPLIST_FILE = "MJdeFM-Swift/Info.plist";
				LD_RUNPATH_SEARCH_PATHS = "$(inherited) @executable_path/Frameworks";
				PRODUCT_NAME = "$(TARGET_NAME)";
				SWIFT_OBJC_BRIDGING_HEADER = "/Users/Arthur/Documents/Code/iOS-Demo/MJdeFM-Swift/MJdeFM-Swift/MJdeFM-Swift-Bridging-Header.h";
			};
			name = Release;
		};
		8EE811F81B73AB9000D65BEF /* Debug */ = {
			isa = XCBuildConfiguration;
			buildSettings = {
				BUNDLE_LOADER = "$(TEST_HOST)";
				FRAMEWORK_SEARCH_PATHS = (
					"$(SDKROOT)/Developer/Library/Frameworks",
					"$(inherited)",
				);
				GCC_PREPROCESSOR_DEFINITIONS = (
					"DEBUG=1",
					"$(inherited)",
				);
				INFOPLIST_FILE = "MJdeFM-SwiftTests/Info.plist";
				LD_RUNPATH_SEARCH_PATHS = "$(inherited) @executable_path/Frameworks @loader_path/Frameworks";
				PRODUCT_NAME = "$(TARGET_NAME)";
				TEST_HOST = "$(BUILT_PRODUCTS_DIR)/MJdeFM-Swift.app/MJdeFM-Swift";
			};
			name = Debug;
		};
		8EE811F91B73AB9000D65BEF /* Release */ = {
			isa = XCBuildConfiguration;
			buildSettings = {
				BUNDLE_LOADER = "$(TEST_HOST)";
				FRAMEWORK_SEARCH_PATHS = (
					"$(SDKROOT)/Developer/Library/Frameworks",
					"$(inherited)",
				);
				INFOPLIST_FILE = "MJdeFM-SwiftTests/Info.plist";
				LD_RUNPATH_SEARCH_PATHS = "$(inherited) @executable_path/Frameworks @loader_path/Frameworks";
				PRODUCT_NAME = "$(TARGET_NAME)";
				TEST_HOST = "$(BUILT_PRODUCTS_DIR)/MJdeFM-Swift.app/MJdeFM-Swift";
			};
			name = Release;
		};
/* End XCBuildConfiguration section */

/* Begin XCConfigurationList section */
		8EE811D01B73AB8F00D65BEF /* Build configuration list for PBXProject "MJdeFM-Swift" */ = {
			isa = XCConfigurationList;
			buildConfigurations = (
				8EE811F21B73AB9000D65BEF /* Debug */,
				8EE811F31B73AB9000D65BEF /* Release */,
			);
			defaultConfigurationIsVisible = 0;
			defaultConfigurationName = Release;
		};
		8EE811F41B73AB9000D65BEF /* Build configuration list for PBXNativeTarget "MJdeFM-Swift" */ = {
			isa = XCConfigurationList;
			buildConfigurations = (
				8EE811F51B73AB9000D65BEF /* Debug */,
				8EE811F61B73AB9000D65BEF /* Release */,
			);
			defaultConfigurationIsVisible = 0;
			defaultConfigurationName = Release;
		};
		8EE811F71B73AB9000D65BEF /* Build configuration list for PBXNativeTarget "MJdeFM-SwiftTests" */ = {
			isa = XCConfigurationList;
			buildConfigurations = (
				8EE811F81B73AB9000D65BEF /* Debug */,
				8EE811F91B73AB9000D65BEF /* Release */,
			);
			defaultConfigurationIsVisible = 0;
			defaultConfigurationName = Release;
		};
/* End XCConfigurationList section */
	};
	rootObject = 8EE811CD1B73AB8F00D65BEF /* Project object */;
}
