// !$*UTF8*$!
{
	archiveVersion = 1;
	classes = {
	};
	objectVersion = 46;
	objects = {

/* Begin PBXBuildFile section */
		8EE811DB1B73AB8F00D65BEF /* AppDelegate.swift in Sources */ = {isa = PBXBuildFile; fileRef = 8EE811DA1B73AB8F00D65BEF /* AppDelegate.swift */; };
		8EE811DD1B73AB8F00D65BEF /* ViewController.swift in Sources */ = {isa = PBXBuildFile; fileRef = 8EE811DC1B73AB8F00D65BEF /* ViewController.swift */; };
		8EE811E01B73AB8F00D65BEF /* Main.storyboard in Resources */ = {isa = PBXBuildFile; fileRef = 8EE811DE1B73AB8F00D65BEF /* Main.storyboard */; };
		8EE811E21B73AB8F00D65BEF /* Images.xcassets in Resources */ = {isa = PBXBuildFile; fileRef = 8EE811E11B73AB8F00D65BEF /* Images.xcassets */; };
		8EE811E51B73AB8F00D65BEF /* LaunchScreen.xib in Resources */ = {isa = PBXBuildFile; fileRef = 8EE811E31B73AB8F00D65BEF /* LaunchScreen.xib */; };
		8EE811F11B73AB9000D65BEF /* MJdeFM_SwiftTests.swift in Sources */ = {isa = PBXBuildFile; fileRef = 8EE811F01B73AB9000D65BEF /* MJdeFM_SwiftTests.swift */; };
/* End PBXBuildFile section */

/* Begin PBXContainerItemProxy section */
		8EE811EB1B73AB9000D65BEF /* PBXContainerItemProxy */ = {
			isa = PBXContainerItemProxy;
			containerPortal = 8EE811CD1B73AB8F00D65BEF /* Project object */;
			proxyType = 1;
			remoteGlobalIDString = 8EE811D41B73AB8F00D65BEF;
			remoteInfo = "MJdeFM-Swift";
		};
/* End PBXContainerItemProxy section */

/* Begin PBXFileReference section */
		8EE811D51B73AB8F00D65BEF /* MJdeFM-Swift.app */ = {isa = PBXFileReference; explicitFileType = wrapper.application; includeInIndex = 0; path = "MJdeFM-Swift.app"; sourceTree = BUILT_PRODUCTS_DIR; };
		8EE811D91B73AB8F00D65BEF /* Info.plist */ = {isa = PBXFileReference; lastKnownFileType = text.plist.xml; path = Info.plist; sourceTree = "<group>"; };
		8EE811DA1B73AB8F00D65BEF /* AppDelegate.swift */ = {isa = PBXFileReference; lastKnownFileType = sourcecode.swift; path = AppDelegate.swift; sourceTree = "<group>"; };
		8EE811DC1B73AB8F00D65BEF /* ViewController.swift */ = {isa = PBXFileReference; lastKnownFileType = sourcecode.swift; path = ViewController.swift; sourceTree = "<group>"; };
		8EE811DF1B73AB8F00D65BEF /* Base */ = {isa = PBXFileReference; lastKnownFileType = file.storyboard; name = Base; path = Base.lproj/Main.storyboard; sourceTree = "<group>"; };
		8EE811E11B73AB8F00D65BEF /* Images.xcassets */ = {isa = PBXFileReference; lastKnownFileType = folder.assetcatalog; path = Images.xcassets; sourceTree = "<group>"; };
		8EE811E41B73AB8F00D65BEF /* Base */ = {isa = PBXFileReference; lastKnownFileType = file.xib; name = Base; path = Base.lproj/LaunchScreen.xib; sourceTree = "<group>"; };
		8EE811EA1B73AB9000D65BEF /* MJdeFM-SwiftTests.xctest */ = {isa = PBXFileReference; explicitFileType = wrapper.cfbundle; includeInIndex = 0; path = "MJdeFM-SwiftTests.xctest"; sourceTree = BUILT_PRODUCTS_DIR; };
		8EE811EF1B73AB9000D65BEF /* Info.plist */ = {isa = PBXFileReference; lastKnownFileType = text.plist.xml; path = Info.plist; sourceTree = "<group>"; };
		8EE811F01B73AB9000D65BEF /* MJdeFM_SwiftTests.swift */ = {isa = PBXFileReference; lastKnownFileType = sourcecode.swift; path = MJdeFM_SwiftTests.swift; sourceTree = "<group>"; };
/* End PBXFileReference section */

/* Begin PBXFrameworksBuildPhase section */
		8EE811D21B73AB8F00D65BEF /* Frameworks */ = {
			isa = PBXFrameworksBuildPhase;
			buildActionMask = 2147483647;
			files = (
			);
			runOnlyForDeploymentPostprocessing = 0;
		};
		8EE811E71B73AB9000D65BEF /* Frameworks */ = {
			isa = PBXFrameworksBuildPhase;
			buildActionMask = 2147483647;
			files = (
			);
			runOnlyForDeploymentPostprocessing = 0;
		};
/* End PBXFrameworksBuildPhase section */

/* Begin PBXGroup section */
		8EE811CC1B73AB8F00D65BEF = {
			isa = PBXGroup;
			children = (
				8EE811D71B73AB8F00D65BEF /* MJdeFM-Swift */,
				8EE811ED1B73AB9000D65BEF /* MJdeFM-SwiftTests */,
				8EE811D61B73AB8F00D65BEF /* Products */,
			);
			sourceTree = "<group>";
		};
		8EE811D61B73AB8F00D65BEF /* Products */ = {
			isa = PBXGroup;
			children = (
				8EE811D51B73AB8F00D65BEF /* MJdeFM-Swift.app */,
				8EE811EA1B73AB9000D65BEF /* MJdeFM-SwiftTests.xctest */,
			);
			name = Products;
			sourceTree = "<group>";
		};
		8EE811D71B73AB8F00D65BEF /* MJdeFM-Swift */ = {
			isa = PBXGroup;
			children = (
				8EE811DA1B73AB8F00D65BEF /* AppDelegate.swift */,
				8EE811DC1B73AB8F00D65BEF /* ViewController.swift */,
				8EE811DE1B73AB8F00D65BEF /* Main.storyboard */,
				8EE811E11B73AB8F00D65BEF /* Images.xcassets */,
				8EE811E31B73AB8F00D65BEF /* LaunchScreen.xib */,
				8EE811D81B73AB8F00D65BEF /* Supporting Files */,
			);
			path = "MJdeFM-Swift";
			sourceTree = "<group>";
		};
		8EE811D81B73AB8F00D65BEF /* Supporting Files */ = {
			isa = PBXGroup;
			children = (
				8EE811D91B73AB8F00D65BEF /* Info.plist */,
			);
			name = "Supporting Files";
			sourceTree = "<group>";
		};
		8EE811ED1B73AB9000D65BEF /* MJdeFM-SwiftTests */ = {
			isa = PBXGroup;
			children = (
				8EE811F01B73AB9000D65BEF /* MJdeFM_SwiftTests.swift */,
				8EE811EE1B73AB9000D65BEF /* Supporting Files */,
			);
			path = "MJdeFM-SwiftTests";
			sourceTree = "<group>";
		};
		8EE811EE1B73AB9000D65BEF /* Supporting Files */ = {
			isa = PBXGroup;
			children = (
				8EE811EF1B73AB9000D65BEF /* Info.plist */,
			);
			name = "Supporting Files";
			sourceTree = "<group>";
		};
/* End PBXGroup section */

/* Begin PBXNativeTarget section */
		8EE811D41B73AB8F00D65BEF /* MJdeFM-Swift */ = {
			isa = PBXNativeTarget;
			buildConfigurationList = 8EE811F41B73AB9000D65BEF /* Build configuration list for PBXNativeTarget "MJdeFM-Swift" */;
			buildPhases = (
				8EE811D11B73AB8F00D65BEF /* Sources */,
				8EE811D21B73AB8F00D65BEF /* Frameworks */,
				8EE811D31B73AB8F00D65BEF /* Resources */,
			);
			buildRules = (
			);
			dependencies = (
			);
			name = "MJdeFM-Swift";
			productName = "MJdeFM-Swift";
			productReference = 8EE811D51B73AB8F00D65BEF /* MJdeFM-Swift.app */;
			productType = "com.apple.product-type.application";
		};
		8EE811E91B73AB9000D65BEF /* MJdeFM-SwiftTests */ = {
			isa = PBXNativeTarget;
			buildConfigurationList = 8EE811F71B73AB9000D65BEF /* Build configuration list for PBXNativeTarget "MJdeFM-SwiftTests" */;
			buildPhases = (
				8EE811E61B73AB9000D65BEF /* Sources */,
				8EE811E71B73AB9000D65BEF /* Frameworks */,
				8EE811E81B73AB9000D65BEF /* Resources */,
			);
			buildRules = (
			);
			dependencies = (
				8EE811EC1B73AB9000D65BEF /* PBXTargetDependency */,
			);
			name = "MJdeFM-SwiftTests";
			productName = "MJdeFM-SwiftTests";
			productReference = 8EE811EA1B73AB9000D65BEF /* MJdeFM-SwiftTests.xctest */;
			productType = "com.apple.product-type.bundle.unit-test";
		};
/* End PBXNativeTarget section */

/* Begin PBXProject section */
		8EE811CD1B73AB8F00D65BEF /* Project object */ = {
			isa = PBXProject;
			attributes = {
				LastUpgradeCheck = 0640;
				ORGANIZATIONNAME = WangMinjun;
				TargetAttributes = {
					8EE811D41B73AB8F00D65BEF = {
						CreatedOnToolsVersion = 6.4;
					};
					8EE811E91B73AB9000D65BEF = {
						CreatedOnToolsVersion = 6.4;
						TestTargetID = 8EE811D41B73AB8F00D65BEF;
					};
				};
			};
			buildConfigurationList = 8EE811D01B73AB8F00D65BEF /* Build configuration list for PBXProject "MJdeFM-Swift" */;
			compatibilityVersion = "Xcode 3.2";
			developmentRegion = English;
			hasScannedForEncodings = 0;
			knownRegions = (
				en,
				Base,
			);
			mainGroup = 8EE811CC1B73AB8F00D65BEF;
			productRefGroup = 8EE811D61B73AB8F00D65BEF /* Products */;
			projectDirPath = "";
			projectRoot = "";
			targets = (
				8EE811D41B73AB8F00D65BEF /* MJdeFM-Swift */,
				8EE811E91B73AB9000D65BEF /* MJdeFM-SwiftTests */,
			);
		};
/* End PBXProject section */

/* Begin PBXResourcesBuildPhase section */
		8EE811D31B73AB8F00D65BEF /* Resources */ = {
			isa = PBXResourcesBuildPhase;
			buildActionMask = 2147483647;
			files = (
				8EE811E01B73AB8F00D65BEF /* Main.storyboard in Resources */,
				8EE811E51B73AB8F00D65BEF /* LaunchScreen.xib in Resources */,
				8EE811E21B73AB8F00D65BEF /* Images.xcassets in Resources */,
			);
			runOnlyForDeploymentPostprocessing = 0;
		};
		8EE811E81B73AB9000D65BEF /* Resources */ = {
			isa = PBXResourcesBuildPhase;
			buildActionMask = 2147483647;
			files = (
			);
			runOnlyForDeploymentPostprocessing = 0;
		};
/* End PBXResourcesBuildPhase section */

/* Begin PBXSourcesBuildPhase section */
		8EE811D11B73AB8F00D65BEF /* Sources */ = {
			isa = PBXSourcesBuildPhase;
			buildActionMask = 2147483647;
			files = (
				8EE811DD1B73AB8F00D65BEF /* ViewController.swift in Sources */,
				8EE811DB1B73AB8F00D65BEF /* AppDelegate.swift in Sources */,
			);
			runOnlyForDeploymentPostprocessing = 0;
		};
		8EE811E61B73AB9000D65BEF /* Sources */ = {
			isa = PBXSourcesBuildPhase;
			buildActionMask = 2147483647;
			files = (
				8EE811F11B73AB9000D65BEF /* MJdeFM_SwiftTests.swift in Sources */,
			);
			runOnlyForDeploymentPostprocessing = 0;
		};
/* End PBXSourcesBuildPhase section */

/* Begin PBXTargetDependency section */
		8EE811EC1B73AB9000D65BEF /* PBXTargetDependency */ = {
			isa = PBXTargetDependency;
			target = 8EE811D41B73AB8F00D65BEF /* MJdeFM-Swift */;
			targetProxy = 8EE811EB1B73AB9000D65BEF /* PBXContainerItemProxy */;
		};
/* End PBXTargetDependency section */

/* Begin PBXVariantGroup section */
		8EE811DE1B73AB8F00D65BEF /* Main.storyboard */ = {
			isa = PBXVariantGroup;
			children = (
				8EE811DF1B73AB8F00D65BEF /* Base */,
			);
			name = Main.storyboard;
			sourceTree = "<group>";
		};
		8EE811E31B73AB8F00D65BEF /* LaunchScreen.xib */ = {
			isa = PBXVariantGroup;
			children = (
				8EE811E41B73AB8F00D65BEF /* Base */,
			);
			name = LaunchScreen.xib;
			sourceTree = "<group>";
		};
/* End PBXVariantGroup section */

/* Begin XCBuildConfiguration section */
		8EE811F21B73AB9000D65BEF /* Debug */ = {
			isa = XCBuildConfiguration;
			buildSettings = {
				ALWAYS_SEARCH_USER_PATHS = NO;
				CLANG_CXX_LANGUAGE_STANDARD = "gnu++0x";
				CLANG_CXX_LIBRARY = "libc++";
				CLANG_ENABLE_MODULES = YES;
				CLANG_ENABLE_OBJC_ARC = YES;
				CLANG_WARN_BOOL_CONVERSION = YES;
				CLANG_WARN_CONSTANT_CONVERSION = YES;
				CLANG_WARN_DIRECT_OBJC_ISA_USAGE = YES_ERROR;
				CLANG_WARN_EMPTY_BODY = YES;
				CLANG_WARN_ENUM_CONVERSION = YES;
				CLANG_WARN_INT_CONVERSION = YES;
				CLANG_WARN_OBJC_ROOT_CLASS = YES_ERROR;
				CLANG_WARN_UNREACHABLE_CODE = YES;
				CLANG_WARN__DUPLICATE_METHOD_MATCH = YES;
				"CODE_SIGN_IDENTITY[sdk=iphoneos*]" = "iPhone Developer";
				COPY_PHASE_STRIP = NO;
				DEBUG_INFORMATION_FORMAT = "dwarf-with-dsym";
				ENABLE_STRICT_OBJC_MSGSEND = YES;
				GCC_C_LANGUAGE_STANDARD = gnu99;
				GCC_DYNAMIC_NO_PIC = NO;
				GCC_NO_COMMON_BLOCKS = YES;
				GCC_OPTIMIZATION_LEVEL = 0;
				GCC_PREPROCESSOR_DEFINITIONS = (
					"DEBUG=1",
					"$(inherited)",
				);
				GCC_SYMBOLS_PRIVATE_EXTERN = NO;
				GCC_WARN_64_TO_32_BIT_CONVERSION = YES;
				GCC_WARN_ABOUT_RETURN_TYPE = YES_ERROR;
				GCC_WARN_UNDECLARED_SELECTOR = YES;
				GCC_WARN_UNINITIALIZED_AUTOS = YES_AGGRESSIVE;
				GCC_WARN_UNUSED_FUNCTION = YES;
				GCC_WARN_UNUSED_VARIABLE = YES;
				IPHONEOS_DEPLOYMENT_TARGET = 8.4;
				MTL_ENABLE_DEBUG_INFO = YES;
				ONLY_ACTIVE_ARCH = YES;
				SDKROOT = iphoneos;
				SWIFT_OPTIMIZATION_LEVEL = "-Onone";
				TARGETED_DEVICE_FAMILY = "1,2";
			};
			name = Debug;
		};
		8EE811F31B73AB9000D65BEF /* Release */ = {
			isa = XCBuildConfiguration;
			buildSettings = {
				ALWAYS_SEARCH_USER_PATHS = NO;
				CLANG_CXX_LANGUAGE_STANDARD = "gnu++0x";
				CLANG_CXX_LIBRARY = "libc++";
				CLANG_ENABLE_MODULES = YES;
				CLANG_ENABLE_OBJC_ARC = YES;
				CLANG_WARN_BOOL_CONVERSION = YES;
				CLANG_WARN_CONSTANT_CONVERSION = YES;
				CLANG_WARN_DIRECT_OBJC_ISA_USAGE = YES_ERROR;
				CLANG_WARN_EMPTY_BODY = YES;
				CLANG_WARN_ENUM_CONVERSION = YES;
				CLANG_WARN_INT_CONVERSION = YES;
				CLANG_WARN_OBJC_ROOT_CLASS = YES_ERROR;
				CLANG_WARN_UNREACHABLE_CODE = YES;
				CLANG_WARN__DUPLICATE_METHOD_MATCH = YES;
				"CODE_SIGN_IDENTITY[sdk=iphoneos*]" = "iPhone Developer";
				COPY_PHASE_STRIP = NO;
				DEBUG_INFORMATION_FORMAT = "dwarf-with-dsym";
				ENABLE_NS_ASSERTIONS = NO;
				ENABLE_STRICT_OBJC_MSGSEND = YES;
				GCC_C_LANGUAGE_STANDARD = gnu99;
				GCC_NO_COMMON_BLOCKS = YES;
				GCC_WARN_64_TO_32_BIT_CONVERSION = YES;
				GCC_WARN_ABOUT_RETURN_TYPE = YES_ERROR;
				GCC_WARN_UNDECLARED_SELECTOR = YES;
				GCC_WARN_UNINITIALIZED_AUTOS = YES_AGGRESSIVE;
				GCC_WARN_UNUSED_FUNCTION = YES;
				GCC_WARN_UNUSED_VARIABLE = YES;
				IPHONEOS_DEPLOYMENT_TARGET = 8.4;
				MTL_ENABLE_DEBUG_INFO = NO;
				SDKROOT = iphoneos;
				TARGETED_DEVICE_FAMILY = "1,2";
				VALIDATE_PRODUCT = YES;
			};
			name = Release;
		};
		8EE811F51B73AB9000D65BEF /* Debug */ = {
			isa = XCBuildConfiguration;
			buildSettings = {
				ASSETCATALOG_COMPILER_APPICON_NAME = AppIcon;
				INFOPLIST_FILE = "MJdeFM-Swift/Info.plist";
				LD_RUNPATH_SEARCH_PATHS = "$(inherited) @executable_path/Frameworks";
				PRODUCT_NAME = "$(TARGET_NAME)";
			};
			name = Debug;
		};
		8EE811F61B73AB9000D65BEF /* Release */ = {
			isa = XCBuildConfiguration;
			buildSettings = {
				ASSETCATALOG_COMPILER_APPICON_NAME = AppIcon;
				INFOPLIST_FILE = "MJdeFM-Swift/Info.plist";
				LD_RUNPATH_SEARCH_PATHS = "$(inherited) @executable_path/Frameworks";
				PRODUCT_NAME = "$(TARGET_NAME)";
			};
			name = Release;
		};
		8EE811F81B73AB9000D65BEF /* Debug */ = {
			isa = XCBuildConfiguration;
			buildSettings = {
				BUNDLE_LOADER = "$(TEST_HOST)";
				FRAMEWORK_SEARCH_PATHS = (
					"$(SDKROOT)/Developer/Library/Frameworks",
					"$(inherited)",
				);
				GCC_PREPROCESSOR_DEFINITIONS = (
					"DEBUG=1",
					"$(inherited)",
				);
				INFOPLIST_FILE = "MJdeFM-SwiftTests/Info.plist";
				LD_RUNPATH_SEARCH_PATHS = "$(inherited) @executable_path/Frameworks @loader_path/Frameworks";
				PRODUCT_NAME = "$(TARGET_NAME)";
				TEST_HOST = "$(BUILT_PRODUCTS_DIR)/MJdeFM-Swift.app/MJdeFM-Swift";
			};
			name = Debug;
		};
		8EE811F91B73AB9000D65BEF /* Release */ = {
			isa = XCBuildConfiguration;
			buildSettings = {
				BUNDLE_LOADER = "$(TEST_HOST)";
				FRAMEWORK_SEARCH_PATHS = (
					"$(SDKROOT)/Developer/Library/Frameworks",
					"$(inherited)",
				);
				INFOPLIST_FILE = "MJdeFM-SwiftTests/Info.plist";
				LD_RUNPATH_SEARCH_PATHS = "$(inherited) @executable_path/Frameworks @loader_path/Frameworks";
				PRODUCT_NAME = "$(TARGET_NAME)";
				TEST_HOST = "$(BUILT_PRODUCTS_DIR)/MJdeFM-Swift.app/MJdeFM-Swift";
			};
			name = Release;
		};
/* End XCBuildConfiguration section */

/* Begin XCConfigurationList section */
		8EE811D01B73AB8F00D65BEF /* Build configuration list for PBXProject "MJdeFM-Swift" */ = {
			isa = XCConfigurationList;
			buildConfigurations = (
				8EE811F21B73AB9000D65BEF /* Debug */,
				8EE811F31B73AB9000D65BEF /* Release */,
			);
			defaultConfigurationIsVisible = 0;
			defaultConfigurationName = Release;
		};
		8EE811F41B73AB9000D65BEF /* Build configuration list for PBXNativeTarget "MJdeFM-Swift" */ = {
			isa = XCConfigurationList;
			buildConfigurations = (
				8EE811F51B73AB9000D65BEF /* Debug */,
				8EE811F61B73AB9000D65BEF /* Release */,
			);
			defaultConfigurationIsVisible = 0;
		};
		8EE811F71B73AB9000D65BEF /* Build configuration list for PBXNativeTarget "MJdeFM-SwiftTests" */ = {
			isa = XCConfigurationList;
			buildConfigurations = (
				8EE811F81B73AB9000D65BEF /* Debug */,
				8EE811F91B73AB9000D65BEF /* Release */,
			);
			defaultConfigurationIsVisible = 0;
		};
/* End XCConfigurationList section */
	};
	rootObject = 8EE811CD1B73AB8F00D65BEF /* Project object */;
}
